
Microsoft Visual Studio Solution File, Format Version 12.00
# Visual Studio Version 17
VisualStudioVersion = 17.2.32519.379
MinimumVisualStudioVersion = 10.0.40219.1
Project("{9A19103F-16F7-4668-BE54-9A1E7A4F7556}") = "ShopBridgeApi", "ShopBridgeApi\ShopBridgeApi.csproj", "{65C72236-6730-4C99-8FD5-6E6C8C804918}"
EndProject
Project("{9A19103F-16F7-4668-BE54-9A1E7A4F7556}") = "ShopBridge.Core", "ShopBridge.Core\ShopBridge.Core.csproj", "{54C1357D-C36C-40E8-81D6-C868222E3035}"
EndProject
Project("{9A19103F-16F7-4668-BE54-9A1E7A4F7556}") = "ShopBridge.Model", "ShopBridge.Model\ShopBridge.Model.csproj", "{BF3BD5C0-9A83-4E95-A2F5-54F165D3377F}"
EndProject
Global
	GlobalSection(SolutionConfigurationPlatforms) = preSolution
		Debug|Any CPU = Debug|Any CPU
		Release|Any CPU = Release|Any CPU
	EndGlobalSection
	GlobalSection(ProjectConfigurationPlatforms) = postSolution
		{65C72236-6730-4C99-8FD5-6E6C8C804918}.Debug|Any CPU.ActiveCfg = Debug|Any CPU
		{65C72236-6730-4C99-8FD5-6E6C8C804918}.Debug|Any CPU.Build.0 = Debug|Any CPU
		{65C72236-6730-4C99-8FD5-6E6C8C804918}.Release|Any CPU.ActiveCfg = Release|Any CPU
		{65C72236-6730-4C99-8FD5-6E6C8C804918}.Release|Any CPU.Build.0 = Release|Any CPU
		{54C1357D-C36C-40E8-81D6-C868222E3035}.Debug|Any CPU.ActiveCfg = Debug|Any CPU
		{54C1357D-C36C-40E8-81D6-C868222E3035}.Debug|Any CPU.Build.0 = Debug|Any CPU
		{54C1357D-C36C-40E8-81D6-C868222E3035}.Release|Any CPU.ActiveCfg = Release|Any CPU
		{54C1357D-C36C-40E8-81D6-C868222E3035}.Release|Any CPU.Build.0 = Release|Any CPU
		{BF3BD5C0-9A83-4E95-A2F5-54F165D3377F}.Debug|Any CPU.ActiveCfg = Debug|Any CPU
		{BF3BD5C0-9A83-4E95-A2F5-54F165D3377F}.Debug|Any CPU.Build.0 = Debug|Any CPU
		{BF3BD5C0-9A83-4E95-A2F5-54F165D3377F}.Release|Any CPU.ActiveCfg = Release|Any CPU
		{BF3BD5C0-9A83-4E95-A2F5-54F165D3377F}.Release|Any CPU.Build.0 = Release|Any CPU
	EndGlobalSection
	GlobalSection(SolutionProperties) = preSolution
		HideSolutionNode = FALSE
	EndGlobalSection
	GlobalSection(ExtensibilityGlobals) = postSolution
		SolutionGuid = {AEA22BB5-235E-4845-8D0C-80ED524CE5CD}
	EndGlobalSection
EndGlobal
